// !$*UTF8*$!
{
	archiveVersion = 1;
	classes = {
	};
	objectVersion = 51;
	objects = {

/* Begin PBXBuildFile section */
		6197D87048328061050D7B84 /* Pods_mobileCashierApp.framework in Frameworks */ = {isa = PBXBuildFile; fileRef = CE56A4A086AFE07F2DDE1534 /* Pods_mobileCashierApp.framework */; };
		E20C929623E1A80E000E80AE /* DiscountViewController.swift in Sources */ = {isa = PBXBuildFile; fileRef = E20C929523E1A80E000E80AE /* DiscountViewController.swift */; };
		E20C929823E1A81F000E80AE /* ShoppingListViewController.swift in Sources */ = {isa = PBXBuildFile; fileRef = E20C929723E1A81F000E80AE /* ShoppingListViewController.swift */; };
		E20D360A23EEF6FF00F3EA26 /* ShoppingTVCell.swift in Sources */ = {isa = PBXBuildFile; fileRef = E20D360823EEF6FF00F3EA26 /* ShoppingTVCell.swift */; };
		E20D360B23EEF6FF00F3EA26 /* ShoppingTVCell.xib in Resources */ = {isa = PBXBuildFile; fileRef = E20D360923EEF6FF00F3EA26 /* ShoppingTVCell.xib */; };
		E20D360D23EEFE6600F3EA26 /* CellToSegue.swift in Sources */ = {isa = PBXBuildFile; fileRef = E20D360C23EEFE6600F3EA26 /* CellToSegue.swift */; };
		E20F55282401803200A566CA /* ReceiptTVCell.xib in Resources */ = {isa = PBXBuildFile; fileRef = E20F55272401803200A566CA /* ReceiptTVCell.xib */; };
		E20F552E2401950100A566CA /* ReceiptTVCell.swift in Sources */ = {isa = PBXBuildFile; fileRef = E20F552D2401950100A566CA /* ReceiptTVCell.swift */; };
		E23C529B23DB1A6C003CAB48 /* Product.swift in Sources */ = {isa = PBXBuildFile; fileRef = E23C529A23DB1A6C003CAB48 /* Product.swift */; };
		E23C52A223DB2192003CAB48 /* ProductCVCell.swift in Sources */ = {isa = PBXBuildFile; fileRef = E23C52A023DB2192003CAB48 /* ProductCVCell.swift */; };
		E23C52A323DB2192003CAB48 /* ProductCVCell.xib in Resources */ = {isa = PBXBuildFile; fileRef = E23C52A123DB2192003CAB48 /* ProductCVCell.xib */; };
		E23C52A523DB2E12003CAB48 /* GoogleService-Info.plist in Resources */ = {isa = PBXBuildFile; fileRef = E23C52A423DB2E12003CAB48 /* GoogleService-Info.plist */; };
		E23CEA8C2405BBD500DED75B /* Component.swift in Sources */ = {isa = PBXBuildFile; fileRef = E23CEA8B2405BBD500DED75B /* Component.swift */; };
		E2509A8523F0B21900FDE1FB /* ProductTVCell.xib in Resources */ = {isa = PBXBuildFile; fileRef = E2509A8423F0B21900FDE1FB /* ProductTVCell.xib */; };
		E26672B323DA444D006F6709 /* AppDelegate.swift in Sources */ = {isa = PBXBuildFile; fileRef = E26672B223DA444D006F6709 /* AppDelegate.swift */; };
		E26672B523DA444D006F6709 /* SceneDelegate.swift in Sources */ = {isa = PBXBuildFile; fileRef = E26672B423DA444D006F6709 /* SceneDelegate.swift */; };
		E26672B723DA444D006F6709 /* ProductViewController.swift in Sources */ = {isa = PBXBuildFile; fileRef = E26672B623DA444D006F6709 /* ProductViewController.swift */; };
		E26672BA23DA444D006F6709 /* Main.storyboard in Resources */ = {isa = PBXBuildFile; fileRef = E26672B823DA444D006F6709 /* Main.storyboard */; };
		E26672BC23DA444F006F6709 /* Assets.xcassets in Resources */ = {isa = PBXBuildFile; fileRef = E26672BB23DA444F006F6709 /* Assets.xcassets */; };
		E26672BF23DA444F006F6709 /* LaunchScreen.storyboard in Resources */ = {isa = PBXBuildFile; fileRef = E26672BD23DA444F006F6709 /* LaunchScreen.storyboard */; };
		E26BB4742403AC9000BB797C /* RegisterViewController.swift in Sources */ = {isa = PBXBuildFile; fileRef = E26BB4732403AC9000BB797C /* RegisterViewController.swift */; };
		E26BB4762403FB1300BB797C /* MenuViewController.swift in Sources */ = {isa = PBXBuildFile; fileRef = E26BB4752403FB1300BB797C /* MenuViewController.swift */; };
		E26BB47824040ECF00BB797C /* LoginViewController.swift in Sources */ = {isa = PBXBuildFile; fileRef = E26BB47724040ECF00BB797C /* LoginViewController.swift */; };
		E2A32D2323FAF66A00DF32F1 /* FIRFirestoreServices.swift in Sources */ = {isa = PBXBuildFile; fileRef = E2A32D2223FAF66A00DF32F1 /* FIRFirestoreServices.swift */; };
		E2A32D2523FAF67900DF32F1 /* FIRCollectionReference.swift in Sources */ = {isa = PBXBuildFile; fileRef = E2A32D2423FAF67900DF32F1 /* FIRCollectionReference.swift */; };
		E2A38FAC23FB17250042565E /* LocalCollection.swift in Sources */ = {isa = PBXBuildFile; fileRef = E2A38FAB23FB17250042565E /* LocalCollection.swift */; };
		E2A6090523E99EBD00CB99B6 /* BasketItem.swift in Sources */ = {isa = PBXBuildFile; fileRef = E2A6090423E99EBD00CB99B6 /* BasketItem.swift */; };
		E2A6090723E9AFE300CB99B6 /* SellsLog.swift in Sources */ = {isa = PBXBuildFile; fileRef = E2A6090623E9AFE300CB99B6 /* SellsLog.swift */; };
		E2A6090D23E9B61800CB99B6 /* TabBarViewController.swift in Sources */ = {isa = PBXBuildFile; fileRef = E2A6090C23E9B61700CB99B6 /* TabBarViewController.swift */; };
		E2B0637723F56FC300AA029B /* Helpers.swift in Sources */ = {isa = PBXBuildFile; fileRef = E2B0637623F56FC300AA029B /* Helpers.swift */; };
		E2D3485D23DE404500E7FADA /* ProductItem.swift in Sources */ = {isa = PBXBuildFile; fileRef = E2D3485C23DE404500E7FADA /* ProductItem.swift */; };
		E2D3485F23DE48EC00E7FADA /* User.swift in Sources */ = {isa = PBXBuildFile; fileRef = E2D3485E23DE48EC00E7FADA /* User.swift */; };
		E2D3486223DE6A1A00E7FADA /* ProductDetailsViewController.swift in Sources */ = {isa = PBXBuildFile; fileRef = E2D3486123DE6A1A00E7FADA /* ProductDetailsViewController.swift */; };
		E2E01CB423E30B9B00BFA762 /* ProductTVCell.swift in Sources */ = {isa = PBXBuildFile; fileRef = E2E01CB223E30B9B00BFA762 /* ProductTVCell.swift */; };
		E2E01CB923E31BAD00BFA762 /* ReceiptViewController.swift in Sources */ = {isa = PBXBuildFile; fileRef = E2E01CB823E31BAD00BFA762 /* ReceiptViewController.swift */; };
		E2E16D342402B272001A2B5F /* BasketCount.swift in Sources */ = {isa = PBXBuildFile; fileRef = E2E16D332402B272001A2B5F /* BasketCount.swift */; };
/* End PBXBuildFile section */

/* Begin PBXFileReference section */
		CE56A4A086AFE07F2DDE1534 /* Pods_mobileCashierApp.framework */ = {isa = PBXFileReference; explicitFileType = wrapper.framework; includeInIndex = 0; path = Pods_mobileCashierApp.framework; sourceTree = BUILT_PRODUCTS_DIR; };
		E20C929523E1A80E000E80AE /* DiscountViewController.swift */ = {isa = PBXFileReference; lastKnownFileType = sourcecode.swift; path = DiscountViewController.swift; sourceTree = "<group>"; };
		E20C929723E1A81F000E80AE /* ShoppingListViewController.swift */ = {isa = PBXFileReference; lastKnownFileType = sourcecode.swift; path = ShoppingListViewController.swift; sourceTree = "<group>"; };
		E20D360823EEF6FF00F3EA26 /* ShoppingTVCell.swift */ = {isa = PBXFileReference; lastKnownFileType = sourcecode.swift; path = ShoppingTVCell.swift; sourceTree = "<group>"; };
		E20D360923EEF6FF00F3EA26 /* ShoppingTVCell.xib */ = {isa = PBXFileReference; lastKnownFileType = file.xib; path = ShoppingTVCell.xib; sourceTree = "<group>"; };
		E20D360C23EEFE6600F3EA26 /* CellToSegue.swift */ = {isa = PBXFileReference; lastKnownFileType = sourcecode.swift; path = CellToSegue.swift; sourceTree = "<group>"; };
		E20F55272401803200A566CA /* ReceiptTVCell.xib */ = {isa = PBXFileReference; lastKnownFileType = file.xib; path = ReceiptTVCell.xib; sourceTree = "<group>"; };
		E20F552D2401950100A566CA /* ReceiptTVCell.swift */ = {isa = PBXFileReference; lastKnownFileType = sourcecode.swift; path = ReceiptTVCell.swift; sourceTree = "<group>"; };
		E23C529A23DB1A6C003CAB48 /* Product.swift */ = {isa = PBXFileReference; lastKnownFileType = sourcecode.swift; path = Product.swift; sourceTree = "<group>"; };
		E23C52A023DB2192003CAB48 /* ProductCVCell.swift */ = {isa = PBXFileReference; lastKnownFileType = sourcecode.swift; path = ProductCVCell.swift; sourceTree = "<group>"; };
		E23C52A123DB2192003CAB48 /* ProductCVCell.xib */ = {isa = PBXFileReference; lastKnownFileType = file.xib; path = ProductCVCell.xib; sourceTree = "<group>"; };
		E23C52A423DB2E12003CAB48 /* GoogleService-Info.plist */ = {isa = PBXFileReference; fileEncoding = 4; lastKnownFileType = text.plist.xml; path = "GoogleService-Info.plist"; sourceTree = "<group>"; };
		E23CEA8B2405BBD500DED75B /* Component.swift */ = {isa = PBXFileReference; lastKnownFileType = sourcecode.swift; path = Component.swift; sourceTree = "<group>"; };
		E2509A8423F0B21900FDE1FB /* ProductTVCell.xib */ = {isa = PBXFileReference; lastKnownFileType = file.xib; path = ProductTVCell.xib; sourceTree = "<group>"; };
		E26672AF23DA444D006F6709 /* mobileCashierApp.app */ = {isa = PBXFileReference; explicitFileType = wrapper.application; includeInIndex = 0; path = mobileCashierApp.app; sourceTree = BUILT_PRODUCTS_DIR; };
		E26672B223DA444D006F6709 /* AppDelegate.swift */ = {isa = PBXFileReference; lastKnownFileType = sourcecode.swift; path = AppDelegate.swift; sourceTree = "<group>"; };
		E26672B423DA444D006F6709 /* SceneDelegate.swift */ = {isa = PBXFileReference; lastKnownFileType = sourcecode.swift; path = SceneDelegate.swift; sourceTree = "<group>"; };
		E26672B623DA444D006F6709 /* ProductViewController.swift */ = {isa = PBXFileReference; lastKnownFileType = sourcecode.swift; path = ProductViewController.swift; sourceTree = "<group>"; };
		E26672B923DA444D006F6709 /* Base */ = {isa = PBXFileReference; lastKnownFileType = file.storyboard; name = Base; path = Base.lproj/Main.storyboard; sourceTree = "<group>"; };
		E26672BB23DA444F006F6709 /* Assets.xcassets */ = {isa = PBXFileReference; lastKnownFileType = folder.assetcatalog; path = Assets.xcassets; sourceTree = "<group>"; };
		E26672BE23DA444F006F6709 /* Base */ = {isa = PBXFileReference; lastKnownFileType = file.storyboard; name = Base; path = Base.lproj/LaunchScreen.storyboard; sourceTree = "<group>"; };
		E26672C023DA444F006F6709 /* Info.plist */ = {isa = PBXFileReference; lastKnownFileType = text.plist.xml; path = Info.plist; sourceTree = "<group>"; };
		E26BB4732403AC9000BB797C /* RegisterViewController.swift */ = {isa = PBXFileReference; lastKnownFileType = sourcecode.swift; path = RegisterViewController.swift; sourceTree = "<group>"; };
		E26BB4752403FB1300BB797C /* MenuViewController.swift */ = {isa = PBXFileReference; lastKnownFileType = sourcecode.swift; path = MenuViewController.swift; sourceTree = "<group>"; };
		E26BB47724040ECF00BB797C /* LoginViewController.swift */ = {isa = PBXFileReference; lastKnownFileType = sourcecode.swift; path = LoginViewController.swift; sourceTree = "<group>"; };
		E2A32D2223FAF66A00DF32F1 /* FIRFirestoreServices.swift */ = {isa = PBXFileReference; lastKnownFileType = sourcecode.swift; path = FIRFirestoreServices.swift; sourceTree = "<group>"; };
		E2A32D2423FAF67900DF32F1 /* FIRCollectionReference.swift */ = {isa = PBXFileReference; lastKnownFileType = sourcecode.swift; path = FIRCollectionReference.swift; sourceTree = "<group>"; };
		E2A38FAB23FB17250042565E /* LocalCollection.swift */ = {isa = PBXFileReference; lastKnownFileType = sourcecode.swift; path = LocalCollection.swift; sourceTree = "<group>"; };
		E2A6090423E99EBD00CB99B6 /* BasketItem.swift */ = {isa = PBXFileReference; lastKnownFileType = sourcecode.swift; path = BasketItem.swift; sourceTree = "<group>"; };
		E2A6090623E9AFE300CB99B6 /* SellsLog.swift */ = {isa = PBXFileReference; lastKnownFileType = sourcecode.swift; path = SellsLog.swift; sourceTree = "<group>"; };
		E2A6090C23E9B61700CB99B6 /* TabBarViewController.swift */ = {isa = PBXFileReference; fileEncoding = 4; lastKnownFileType = sourcecode.swift; path = TabBarViewController.swift; sourceTree = "<group>"; };
		E2B0637623F56FC300AA029B /* Helpers.swift */ = {isa = PBXFileReference; lastKnownFileType = sourcecode.swift; path = Helpers.swift; sourceTree = "<group>"; };
		E2D3485C23DE404500E7FADA /* ProductItem.swift */ = {isa = PBXFileReference; lastKnownFileType = sourcecode.swift; path = ProductItem.swift; sourceTree = "<group>"; };
		E2D3485E23DE48EC00E7FADA /* User.swift */ = {isa = PBXFileReference; lastKnownFileType = sourcecode.swift; path = User.swift; sourceTree = "<group>"; };
		E2D3486123DE6A1A00E7FADA /* ProductDetailsViewController.swift */ = {isa = PBXFileReference; lastKnownFileType = sourcecode.swift; path = ProductDetailsViewController.swift; sourceTree = "<group>"; };
		E2E01CB223E30B9B00BFA762 /* ProductTVCell.swift */ = {isa = PBXFileReference; lastKnownFileType = sourcecode.swift; path = ProductTVCell.swift; sourceTree = "<group>"; };
		E2E01CB823E31BAD00BFA762 /* ReceiptViewController.swift */ = {isa = PBXFileReference; lastKnownFileType = sourcecode.swift; path = ReceiptViewController.swift; sourceTree = "<group>"; };
		E2E16D332402B272001A2B5F /* BasketCount.swift */ = {isa = PBXFileReference; lastKnownFileType = sourcecode.swift; path = BasketCount.swift; sourceTree = "<group>"; };
		E3789249CCB3E0FFC970CB19 /* Pods-mobileCashierApp.release.xcconfig */ = {isa = PBXFileReference; includeInIndex = 1; lastKnownFileType = text.xcconfig; name = "Pods-mobileCashierApp.release.xcconfig"; path = "Target Support Files/Pods-mobileCashierApp/Pods-mobileCashierApp.release.xcconfig"; sourceTree = "<group>"; };
		FE7FF16E286B392BF8AF6DE9 /* Pods-mobileCashierApp.debug.xcconfig */ = {isa = PBXFileReference; includeInIndex = 1; lastKnownFileType = text.xcconfig; name = "Pods-mobileCashierApp.debug.xcconfig"; path = "Target Support Files/Pods-mobileCashierApp/Pods-mobileCashierApp.debug.xcconfig"; sourceTree = "<group>"; };
/* End PBXFileReference section */

/* Begin PBXFrameworksBuildPhase section */
		E26672AC23DA444D006F6709 /* Frameworks */ = {
			isa = PBXFrameworksBuildPhase;
			buildActionMask = 2147483647;
			files = (
				6197D87048328061050D7B84 /* Pods_mobileCashierApp.framework in Frameworks */,
			);
			runOnlyForDeploymentPostprocessing = 0;
		};
/* End PBXFrameworksBuildPhase section */

/* Begin PBXGroup section */
		79C6C2A05D0EDBA883C86CBD /* Frameworks */ = {
			isa = PBXGroup;
			children = (
				CE56A4A086AFE07F2DDE1534 /* Pods_mobileCashierApp.framework */,
			);
			name = Frameworks;
			sourceTree = "<group>";
		};
		B34FDE218318364D2956A988 /* Pods */ = {
			isa = PBXGroup;
			children = (
				FE7FF16E286B392BF8AF6DE9 /* Pods-mobileCashierApp.debug.xcconfig */,
				E3789249CCB3E0FFC970CB19 /* Pods-mobileCashierApp.release.xcconfig */,
			);
			path = Pods;
			sourceTree = "<group>";
		};
		E23CEA8A2405BBA400DED75B /* Helpers */ = {
			isa = PBXGroup;
			children = (
				E23CEA8B2405BBD500DED75B /* Component.swift */,
			);
			path = Helpers;
			sourceTree = "<group>";
		};
		E26672A623DA444D006F6709 = {
			isa = PBXGroup;
			children = (
				79C6C2A05D0EDBA883C86CBD /* Frameworks */,
				E26672B123DA444D006F6709 /* mobileCashierApp */,
				B34FDE218318364D2956A988 /* Pods */,
				E26672B023DA444D006F6709 /* Products */,
			);
			sourceTree = "<group>";
		};
		E26672B023DA444D006F6709 /* Products */ = {
			isa = PBXGroup;
			children = (
				E26672AF23DA444D006F6709 /* mobileCashierApp.app */,
			);
			name = Products;
			sourceTree = "<group>";
		};
		E26672B123DA444D006F6709 /* mobileCashierApp */ = {
			isa = PBXGroup;
			children = (
				E23CEA8A2405BBA400DED75B /* Helpers */,
				E26672B223DA444D006F6709 /* AppDelegate.swift */,
				E26672BB23DA444F006F6709 /* Assets.xcassets */,
				E2D3486023DE5A1800E7FADA /* Controllers */,
				E2A32D2123FAF63400DF32F1 /* Firebase */,
				E23C52A423DB2E12003CAB48 /* GoogleService-Info.plist */,
				E26672C023DA444F006F6709 /* Info.plist */,
				E26672BD23DA444F006F6709 /* LaunchScreen.storyboard */,
				E26672B823DA444D006F6709 /* Main.storyboard */,
				E2D3485B23DE402800E7FADA /* Models */,
				E23C529A23DB1A6C003CAB48 /* Product.swift */,
				E26672B423DA444D006F6709 /* SceneDelegate.swift */,
				E27C59BD23DEE7800088516C /* Views */,
			);
			path = mobileCashierApp;
			sourceTree = "<group>";
		};
		E27C59BD23DEE7800088516C /* Views */ = {
			isa = PBXGroup;
			children = (
				E23C52A123DB2192003CAB48 /* ProductCVCell.xib */,
				E20D360923EEF6FF00F3EA26 /* ShoppingTVCell.xib */,
				E2509A8423F0B21900FDE1FB /* ProductTVCell.xib */,
				E20F55272401803200A566CA /* ReceiptTVCell.xib */,
			);
			path = Views;
			sourceTree = "<group>";
		};
		E2A32D2123FAF63400DF32F1 /* Firebase */ = {
			isa = PBXGroup;
			children = (
				E2A32D2223FAF66A00DF32F1 /* FIRFirestoreServices.swift */,
				E2A32D2423FAF67900DF32F1 /* FIRCollectionReference.swift */,
				E2A38FAB23FB17250042565E /* LocalCollection.swift */,
			);
			path = Firebase;
			sourceTree = "<group>";
		};
		E2D3485B23DE402800E7FADA /* Models */ = {
			isa = PBXGroup;
			children = (
				E2D3485C23DE404500E7FADA /* ProductItem.swift */,
				E2D3485E23DE48EC00E7FADA /* User.swift */,
				E2A6090423E99EBD00CB99B6 /* BasketItem.swift */,
				E2A6090623E9AFE300CB99B6 /* SellsLog.swift */,
				E20D360C23EEFE6600F3EA26 /* CellToSegue.swift */,
				E2B0637623F56FC300AA029B /* Helpers.swift */,
				E2E16D332402B272001A2B5F /* BasketCount.swift */,
			);
			path = Models;
			sourceTree = "<group>";
		};
		E2D3486023DE5A1800E7FADA /* Controllers */ = {
			isa = PBXGroup;
			children = (
				E20C929523E1A80E000E80AE /* DiscountViewController.swift */,
				E23C52A023DB2192003CAB48 /* ProductCVCell.swift */,
				E2D3486123DE6A1A00E7FADA /* ProductDetailsViewController.swift */,
				E2E01CB223E30B9B00BFA762 /* ProductTVCell.swift */,
				E26672B623DA444D006F6709 /* ProductViewController.swift */,
				E20F552D2401950100A566CA /* ReceiptTVCell.swift */,
				E2E01CB823E31BAD00BFA762 /* ReceiptViewController.swift */,
				E20C929723E1A81F000E80AE /* ShoppingListViewController.swift */,
				E20D360823EEF6FF00F3EA26 /* ShoppingTVCell.swift */,
				E2A6090C23E9B61700CB99B6 /* TabBarViewController.swift */,
				E26BB4732403AC9000BB797C /* RegisterViewController.swift */,
				E26BB4752403FB1300BB797C /* MenuViewController.swift */,
				E26BB47724040ECF00BB797C /* LoginViewController.swift */,
			);
			path = Controllers;
			sourceTree = "<group>";
		};
/* End PBXGroup section */

/* Begin PBXNativeTarget section */
		E26672AE23DA444D006F6709 /* mobileCashierApp */ = {
			isa = PBXNativeTarget;
			buildConfigurationList = E26672C323DA444F006F6709 /* Build configuration list for PBXNativeTarget "mobileCashierApp" */;
			buildPhases = (
				4E94A2551B42447BF41FDE6F /* [CP] Check Pods Manifest.lock */,
				E26672AB23DA444D006F6709 /* Sources */,
				E26672AC23DA444D006F6709 /* Frameworks */,
				E26672AD23DA444D006F6709 /* Resources */,
				6A32AD0DBEED1A69350A33F7 /* [CP] Embed Pods Frameworks */,
			);
			buildRules = (
			);
			dependencies = (
			);
			name = mobileCashierApp;
			productName = mobileCashierApp;
			productReference = E26672AF23DA444D006F6709 /* mobileCashierApp.app */;
			productType = "com.apple.product-type.application";
		};
/* End PBXNativeTarget section */

/* Begin PBXProject section */
		E26672A723DA444D006F6709 /* Project object */ = {
			isa = PBXProject;
			attributes = {
				LastSwiftUpdateCheck = 1130;
				LastUpgradeCheck = 1130;
				ORGANIZATIONNAME = "Shafigh Khalili";
				TargetAttributes = {
					E26672AE23DA444D006F6709 = {
						CreatedOnToolsVersion = 11.3.1;
					};
				};
			};
			buildConfigurationList = E26672AA23DA444D006F6709 /* Build configuration list for PBXProject "mobileCashierApp" */;
			compatibilityVersion = "Xcode 9.3";
			developmentRegion = en;
			hasScannedForEncodings = 0;
			knownRegions = (
				en,
				Base,
			);
			mainGroup = E26672A623DA444D006F6709;
			productRefGroup = E26672B023DA444D006F6709 /* Products */;
			projectDirPath = "";
			projectRoot = "";
			targets = (
				E26672AE23DA444D006F6709 /* mobileCashierApp */,
			);
		};
/* End PBXProject section */

/* Begin PBXResourcesBuildPhase section */
		E26672AD23DA444D006F6709 /* Resources */ = {
			isa = PBXResourcesBuildPhase;
			buildActionMask = 2147483647;
			files = (
				E20F55282401803200A566CA /* ReceiptTVCell.xib in Resources */,
				E23C52A323DB2192003CAB48 /* ProductCVCell.xib in Resources */,
				E26672BF23DA444F006F6709 /* LaunchScreen.storyboard in Resources */,
				E23C52A523DB2E12003CAB48 /* GoogleService-Info.plist in Resources */,
				E26672BC23DA444F006F6709 /* Assets.xcassets in Resources */,
				E20D360B23EEF6FF00F3EA26 /* ShoppingTVCell.xib in Resources */,
				E2509A8523F0B21900FDE1FB /* ProductTVCell.xib in Resources */,
				E26672BA23DA444D006F6709 /* Main.storyboard in Resources */,
			);
			runOnlyForDeploymentPostprocessing = 0;
		};
/* End PBXResourcesBuildPhase section */

/* Begin PBXShellScriptBuildPhase section */
		4E94A2551B42447BF41FDE6F /* [CP] Check Pods Manifest.lock */ = {
			isa = PBXShellScriptBuildPhase;
			buildActionMask = 2147483647;
			files = (
			);
			inputFileListPaths = (
			);
			inputPaths = (
				"${PODS_PODFILE_DIR_PATH}/Podfile.lock",
				"${PODS_ROOT}/Manifest.lock",
			);
			name = "[CP] Check Pods Manifest.lock";
			outputFileListPaths = (
			);
			outputPaths = (
				"$(DERIVED_FILE_DIR)/Pods-mobileCashierApp-checkManifestLockResult.txt",
			);
			runOnlyForDeploymentPostprocessing = 0;
			shellPath = /bin/sh;
			shellScript = "diff \"${PODS_PODFILE_DIR_PATH}/Podfile.lock\" \"${PODS_ROOT}/Manifest.lock\" > /dev/null\nif [ $? != 0 ] ; then\n    # print error to STDERR\n    echo \"error: The sandbox is not in sync with the Podfile.lock. Run 'pod install' or update your CocoaPods installation.\" >&2\n    exit 1\nfi\n# This output is used by Xcode 'outputs' to avoid re-running this script phase.\necho \"SUCCESS\" > \"${SCRIPT_OUTPUT_FILE_0}\"\n";
			showEnvVarsInLog = 0;
		};
		6A32AD0DBEED1A69350A33F7 /* [CP] Embed Pods Frameworks */ = {
			isa = PBXShellScriptBuildPhase;
			buildActionMask = 2147483647;
			files = (
			);
			inputFileListPaths = (
				"${PODS_ROOT}/Target Support Files/Pods-mobileCashierApp/Pods-mobileCashierApp-frameworks-${CONFIGURATION}-input-files.xcfilelist",
			);
			name = "[CP] Embed Pods Frameworks";
			outputFileListPaths = (
				"${PODS_ROOT}/Target Support Files/Pods-mobileCashierApp/Pods-mobileCashierApp-frameworks-${CONFIGURATION}-output-files.xcfilelist",
			);
			runOnlyForDeploymentPostprocessing = 0;
			shellPath = /bin/sh;
			shellScript = "\"${PODS_ROOT}/Target Support Files/Pods-mobileCashierApp/Pods-mobileCashierApp-frameworks.sh\"\n";
			showEnvVarsInLog = 0;
		};
/* End PBXShellScriptBuildPhase section */

/* Begin PBXSourcesBuildPhase section */
		E26672AB23DA444D006F6709 /* Sources */ = {
			isa = PBXSourcesBuildPhase;
			buildActionMask = 2147483647;
			files = (
				E20D360D23EEFE6600F3EA26 /* CellToSegue.swift in Sources */,
				E2A6090D23E9B61800CB99B6 /* TabBarViewController.swift in Sources */,
				E2D3485D23DE404500E7FADA /* ProductItem.swift in Sources */,
				E26BB4742403AC9000BB797C /* RegisterViewController.swift in Sources */,
				E26672B723DA444D006F6709 /* ProductViewController.swift in Sources */,
				E2A38FAC23FB17250042565E /* LocalCollection.swift in Sources */,
				E2E01CB423E30B9B00BFA762 /* ProductTVCell.swift in Sources */,
				E2D3486223DE6A1A00E7FADA /* ProductDetailsViewController.swift in Sources */,
				E2A32D2323FAF66A00DF32F1 /* FIRFirestoreServices.swift in Sources */,
				E23C529B23DB1A6C003CAB48 /* Product.swift in Sources */,
				E23CEA8C2405BBD500DED75B /* Component.swift in Sources */,
				E26672B323DA444D006F6709 /* AppDelegate.swift in Sources */,
				E20F552E2401950100A566CA /* ReceiptTVCell.swift in Sources */,
				E20C929623E1A80E000E80AE /* DiscountViewController.swift in Sources */,
				E20D360A23EEF6FF00F3EA26 /* ShoppingTVCell.swift in Sources */,
				E2A6090723E9AFE300CB99B6 /* SellsLog.swift in Sources */,
				E26672B523DA444D006F6709 /* SceneDelegate.swift in Sources */,
				E26BB4762403FB1300BB797C /* MenuViewController.swift in Sources */,
				E23C52A223DB2192003CAB48 /* ProductCVCell.swift in Sources */,
				E2B0637723F56FC300AA029B /* Helpers.swift in Sources */,
				E2E01CB923E31BAD00BFA762 /* ReceiptViewController.swift in Sources */,
				E20C929823E1A81F000E80AE /* ShoppingListViewController.swift in Sources */,
				E2E16D342402B272001A2B5F /* BasketCount.swift in Sources */,
				E2A6090523E99EBD00CB99B6 /* BasketItem.swift in Sources */,
				E2D3485F23DE48EC00E7FADA /* User.swift in Sources */,
				E26BB47824040ECF00BB797C /* LoginViewController.swift in Sources */,
				E2A32D2523FAF67900DF32F1 /* FIRCollectionReference.swift in Sources */,
			);
			runOnlyForDeploymentPostprocessing = 0;
		};
/* End PBXSourcesBuildPhase section */

/* Begin PBXVariantGroup section */
		E26672B823DA444D006F6709 /* Main.storyboard */ = {
			isa = PBXVariantGroup;
			children = (
				E26672B923DA444D006F6709 /* Base */,
			);
			name = Main.storyboard;
			sourceTree = "<group>";
		};
		E26672BD23DA444F006F6709 /* LaunchScreen.storyboard */ = {
			isa = PBXVariantGroup;
			children = (
				E26672BE23DA444F006F6709 /* Base */,
			);
			name = LaunchScreen.storyboard;
			sourceTree = "<group>";
		};
/* End PBXVariantGroup section */

/* Begin XCBuildConfiguration section */
		E26672C123DA444F006F6709 /* Debug */ = {
			isa = XCBuildConfiguration;
			buildSettings = {
				ALWAYS_SEARCH_USER_PATHS = NO;
				CLANG_ANALYZER_NONNULL = YES;
				CLANG_ANALYZER_NUMBER_OBJECT_CONVERSION = YES_AGGRESSIVE;
				CLANG_CXX_LANGUAGE_STANDARD = "gnu++14";
				CLANG_CXX_LIBRARY = "libc++";
				CLANG_ENABLE_MODULES = YES;
				CLANG_ENABLE_OBJC_ARC = YES;
				CLANG_ENABLE_OBJC_WEAK = YES;
				CLANG_WARN_BLOCK_CAPTURE_AUTORELEASING = YES;
				CLANG_WARN_BOOL_CONVERSION = YES;
				CLANG_WARN_COMMA = YES;
				CLANG_WARN_CONSTANT_CONVERSION = YES;
				CLANG_WARN_DEPRECATED_OBJC_IMPLEMENTATIONS = YES;
				CLANG_WARN_DIRECT_OBJC_ISA_USAGE = YES_ERROR;
				CLANG_WARN_DOCUMENTATION_COMMENTS = YES;
				CLANG_WARN_EMPTY_BODY = YES;
				CLANG_WARN_ENUM_CONVERSION = YES;
				CLANG_WARN_INFINITE_RECURSION = YES;
				CLANG_WARN_INT_CONVERSION = YES;
				CLANG_WARN_NON_LITERAL_NULL_CONVERSION = YES;
				CLANG_WARN_OBJC_IMPLICIT_RETAIN_SELF = YES;
				CLANG_WARN_OBJC_LITERAL_CONVERSION = YES;
				CLANG_WARN_OBJC_ROOT_CLASS = YES_ERROR;
				CLANG_WARN_RANGE_LOOP_ANALYSIS = YES;
				CLANG_WARN_STRICT_PROTOTYPES = YES;
				CLANG_WARN_SUSPICIOUS_MOVE = YES;
				CLANG_WARN_UNGUARDED_AVAILABILITY = YES_AGGRESSIVE;
				CLANG_WARN_UNREACHABLE_CODE = YES;
				CLANG_WARN__DUPLICATE_METHOD_MATCH = YES;
				COPY_PHASE_STRIP = NO;
				DEBUG_INFORMATION_FORMAT = dwarf;
				ENABLE_STRICT_OBJC_MSGSEND = YES;
				ENABLE_TESTABILITY = YES;
				GCC_C_LANGUAGE_STANDARD = gnu11;
				GCC_DYNAMIC_NO_PIC = NO;
				GCC_NO_COMMON_BLOCKS = YES;
				GCC_OPTIMIZATION_LEVEL = 0;
				GCC_PREPROCESSOR_DEFINITIONS = (
					"DEBUG=1",
					"$(inherited)",
				);
				GCC_WARN_64_TO_32_BIT_CONVERSION = YES;
				GCC_WARN_ABOUT_RETURN_TYPE = YES_ERROR;
				GCC_WARN_UNDECLARED_SELECTOR = YES;
				GCC_WARN_UNINITIALIZED_AUTOS = YES_AGGRESSIVE;
				GCC_WARN_UNUSED_FUNCTION = YES;
				GCC_WARN_UNUSED_VARIABLE = YES;
				IPHONEOS_DEPLOYMENT_TARGET = 13.2;
				MTL_ENABLE_DEBUG_INFO = INCLUDE_SOURCE;
				MTL_FAST_MATH = YES;
				ONLY_ACTIVE_ARCH = YES;
				SDKROOT = iphoneos;
				SWIFT_ACTIVE_COMPILATION_CONDITIONS = DEBUG;
				SWIFT_OPTIMIZATION_LEVEL = "-Onone";
			};
			name = Debug;
		};
		E26672C223DA444F006F6709 /* Release */ = {
			isa = XCBuildConfiguration;
			buildSettings = {
				ALWAYS_SEARCH_USER_PATHS = NO;
				CLANG_ANALYZER_NONNULL = YES;
				CLANG_ANALYZER_NUMBER_OBJECT_CONVERSION = YES_AGGRESSIVE;
				CLANG_CXX_LANGUAGE_STANDARD = "gnu++14";
				CLANG_CXX_LIBRARY = "libc++";
				CLANG_ENABLE_MODULES = YES;
				CLANG_ENABLE_OBJC_ARC = YES;
				CLANG_ENABLE_OBJC_WEAK = YES;
				CLANG_WARN_BLOCK_CAPTURE_AUTORELEASING = YES;
				CLANG_WARN_BOOL_CONVERSION = YES;
				CLANG_WARN_COMMA = YES;
				CLANG_WARN_CONSTANT_CONVERSION = YES;
				CLANG_WARN_DEPRECATED_OBJC_IMPLEMENTATIONS = YES;
				CLANG_WARN_DIRECT_OBJC_ISA_USAGE = YES_ERROR;
				CLANG_WARN_DOCUMENTATION_COMMENTS = YES;
				CLANG_WARN_EMPTY_BODY = YES;
				CLANG_WARN_ENUM_CONVERSION = YES;
				CLANG_WARN_INFINITE_RECURSION = YES;
				CLANG_WARN_INT_CONVERSION = YES;
				CLANG_WARN_NON_LITERAL_NULL_CONVERSION = YES;
				CLANG_WARN_OBJC_IMPLICIT_RETAIN_SELF = YES;
				CLANG_WARN_OBJC_LITERAL_CONVERSION = YES;
				CLANG_WARN_OBJC_ROOT_CLASS = YES_ERROR;
				CLANG_WARN_RANGE_LOOP_ANALYSIS = YES;
				CLANG_WARN_STRICT_PROTOTYPES = YES;
				CLANG_WARN_SUSPICIOUS_MOVE = YES;
				CLANG_WARN_UNGUARDED_AVAILABILITY = YES_AGGRESSIVE;
				CLANG_WARN_UNREACHABLE_CODE = YES;
				CLANG_WARN__DUPLICATE_METHOD_MATCH = YES;
				COPY_PHASE_STRIP = NO;
				DEBUG_INFORMATION_FORMAT = "dwarf-with-dsym";
				ENABLE_NS_ASSERTIONS = NO;
				ENABLE_STRICT_OBJC_MSGSEND = YES;
				GCC_C_LANGUAGE_STANDARD = gnu11;
				GCC_NO_COMMON_BLOCKS = YES;
				GCC_WARN_64_TO_32_BIT_CONVERSION = YES;
				GCC_WARN_ABOUT_RETURN_TYPE = YES_ERROR;
				GCC_WARN_UNDECLARED_SELECTOR = YES;
				GCC_WARN_UNINITIALIZED_AUTOS = YES_AGGRESSIVE;
				GCC_WARN_UNUSED_FUNCTION = YES;
				GCC_WARN_UNUSED_VARIABLE = YES;
				IPHONEOS_DEPLOYMENT_TARGET = 13.2;
				MTL_ENABLE_DEBUG_INFO = NO;
				MTL_FAST_MATH = YES;
				SDKROOT = iphoneos;
				SWIFT_COMPILATION_MODE = wholemodule;
				SWIFT_OPTIMIZATION_LEVEL = "-O";
				VALIDATE_PRODUCT = YES;
			};
			name = Release;
		};
		E26672C423DA444F006F6709 /* Debug */ = {
			isa = XCBuildConfiguration;
			baseConfigurationReference = FE7FF16E286B392BF8AF6DE9 /* Pods-mobileCashierApp.debug.xcconfig */;
			buildSettings = {
				ASSETCATALOG_COMPILER_APPICON_NAME = AppIcon;
				CODE_SIGN_STYLE = Automatic;
				DEVELOPMENT_TEAM = 929AVN2CVW;
				INFOPLIST_FILE = mobileCashierApp/Info.plist;
				LD_RUNPATH_SEARCH_PATHS = (
					"$(inherited)",
					"@executable_path/Frameworks",
				);
				PRODUCT_BUNDLE_IDENTIFIER = com.shafiq.mobileCashierApp;
				PRODUCT_NAME = "$(TARGET_NAME)";
				SWIFT_VERSION = 5.0;
				TARGETED_DEVICE_FAMILY = "1,2";
			};
			name = Debug;
		};
		E26672C523DA444F006F6709 /* Release */ = {
			isa = XCBuildConfiguration;
			baseConfigurationReference = E3789249CCB3E0FFC970CB19 /* Pods-mobileCashierApp.release.xcconfig */;
			buildSettings = {
				ASSETCATALOG_COMPILER_APPICON_NAME = AppIcon;
				CODE_SIGN_STYLE = Automatic;
				DEVELOPMENT_TEAM = 929AVN2CVW;
				INFOPLIST_FILE = mobileCashierApp/Info.plist;
				LD_RUNPATH_SEARCH_PATHS = (
					"$(inherited)",
					"@executable_path/Frameworks",
				);
				PRODUCT_BUNDLE_IDENTIFIER = com.shafiq.mobileCashierApp;
				PRODUCT_NAME = "$(TARGET_NAME)";
				SWIFT_VERSION = 5.0;
				TARGETED_DEVICE_FAMILY = "1,2";
			};
			name = Release;
		};
/* End XCBuildConfiguration section */

/* Begin XCConfigurationList section */
		E26672AA23DA444D006F6709 /* Build configuration list for PBXProject "mobileCashierApp" */ = {
			isa = XCConfigurationList;
			buildConfigurations = (
				E26672C123DA444F006F6709 /* Debug */,
				E26672C223DA444F006F6709 /* Release */,
			);
			defaultConfigurationIsVisible = 0;
			defaultConfigurationName = Release;
		};
		E26672C323DA444F006F6709 /* Build configuration list for PBXNativeTarget "mobileCashierApp" */ = {
			isa = XCConfigurationList;
			buildConfigurations = (
				E26672C423DA444F006F6709 /* Debug */,
				E26672C523DA444F006F6709 /* Release */,
			);
			defaultConfigurationIsVisible = 0;
			defaultConfigurationName = Release;
		};
/* End XCConfigurationList section */
	};
	rootObject = E26672A723DA444D006F6709 /* Project object */;
}
